// !$*UTF8*$!
{
	archiveVersion = 1;
	classes = {
	};
	objectVersion = 46;
	objects = {

/* Begin PBXBuildFile section */
		55424C5F1D629A6D0045F6AE /* AppDelegate.swift in Sources */ = {isa = PBXBuildFile; fileRef = 55424C5E1D629A6D0045F6AE /* AppDelegate.swift */; };
		55424C611D629A6D0045F6AE /* FirstViewController.swift in Sources */ = {isa = PBXBuildFile; fileRef = 55424C601D629A6D0045F6AE /* FirstViewController.swift */; };
		55424C631D629A6E0045F6AE /* SecondViewController.swift in Sources */ = {isa = PBXBuildFile; fileRef = 55424C621D629A6D0045F6AE /* SecondViewController.swift */; };
		55424C661D629A6E0045F6AE /* Main.storyboard in Resources */ = {isa = PBXBuildFile; fileRef = 55424C641D629A6E0045F6AE /* Main.storyboard */; };
		55424C681D629A6E0045F6AE /* Assets.xcassets in Resources */ = {isa = PBXBuildFile; fileRef = 55424C671D629A6E0045F6AE /* Assets.xcassets */; };
		55424C6B1D629A6E0045F6AE /* LaunchScreen.storyboard in Resources */ = {isa = PBXBuildFile; fileRef = 55424C691D629A6E0045F6AE /* LaunchScreen.storyboard */; };
/* End PBXBuildFile section */

/* Begin PBXFileReference section */
		55424C5B1D629A6D0045F6AE /* Market.app */ = {isa = PBXFileReference; explicitFileType = wrapper.application; includeInIndex = 0; path = Market.app; sourceTree = BUILT_PRODUCTS_DIR; };
		55424C5E1D629A6D0045F6AE /* AppDelegate.swift */ = {isa = PBXFileReference; lastKnownFileType = sourcecode.swift; path = AppDelegate.swift; sourceTree = "<group>"; };
		55424C601D629A6D0045F6AE /* FirstViewController.swift */ = {isa = PBXFileReference; lastKnownFileType = sourcecode.swift; path = FirstViewController.swift; sourceTree = "<group>"; };
		55424C621D629A6D0045F6AE /* SecondViewController.swift */ = {isa = PBXFileReference; lastKnownFileType = sourcecode.swift; path = SecondViewController.swift; sourceTree = "<group>"; };
		55424C651D629A6E0045F6AE /* Base */ = {isa = PBXFileReference; lastKnownFileType = file.storyboard; name = Base; path = Base.lproj/Main.storyboard; sourceTree = "<group>"; };
		55424C671D629A6E0045F6AE /* Assets.xcassets */ = {isa = PBXFileReference; lastKnownFileType = folder.assetcatalog; path = Assets.xcassets; sourceTree = "<group>"; };
		55424C6A1D629A6E0045F6AE /* Base */ = {isa = PBXFileReference; lastKnownFileType = file.storyboard; name = Base; path = Base.lproj/LaunchScreen.storyboard; sourceTree = "<group>"; };
		55424C6C1D629A6E0045F6AE /* Info.plist */ = {isa = PBXFileReference; lastKnownFileType = text.plist.xml; path = Info.plist; sourceTree = "<group>"; };
/* End PBXFileReference section */

/* Begin PBXFrameworksBuildPhase section */
		55424C581D629A6D0045F6AE /* Frameworks */ = {
			isa = PBXFrameworksBuildPhase;
			buildActionMask = 2147483647;
			files = (
			);
			runOnlyForDeploymentPostprocessing = 0;
		};
/* End PBXFrameworksBuildPhase section */

/* Begin PBXGroup section */
		55424C521D629A6D0045F6AE = {
			isa = PBXGroup;
			children = (
				55424C5D1D629A6D0045F6AE /* Market */,
				55424C5C1D629A6D0045F6AE /* Products */,
			);
			sourceTree = "<group>";
		};
		55424C5C1D629A6D0045F6AE /* Products */ = {
			isa = PBXGroup;
			children = (
				55424C5B1D629A6D0045F6AE /* Market.app */,
			);
			name = Products;
			sourceTree = "<group>";
		};
		55424C5D1D629A6D0045F6AE /* Market */ = {
			isa = PBXGroup;
			children = (
				55424C721D629B970045F6AE /* Model */,
				55424C731D629BD90045F6AE /* View */,
				55424C741D629BDF0045F6AE /* ViewController */,
				55424C5E1D629A6D0045F6AE /* AppDelegate.swift */,
				55424C601D629A6D0045F6AE /* FirstViewController.swift */,
				55424C621D629A6D0045F6AE /* SecondViewController.swift */,
				55424C641D629A6E0045F6AE /* Main.storyboard */,
				55424C671D629A6E0045F6AE /* Assets.xcassets */,
				55424C691D629A6E0045F6AE /* LaunchScreen.storyboard */,
				55424C6C1D629A6E0045F6AE /* Info.plist */,
			);
			path = Market;
			sourceTree = "<group>";
		};
		55424C721D629B970045F6AE /* Model */ = {
			isa = PBXGroup;
			children = (
			);
			path = Model;
			sourceTree = "<group>";
		};
		55424C731D629BD90045F6AE /* View */ = {
			isa = PBXGroup;
			children = (
			);
			path = View;
			sourceTree = "<group>";
		};
		55424C741D629BDF0045F6AE /* ViewController */ = {
			isa = PBXGroup;
			children = (
			);
			path = ViewController;
			sourceTree = "<group>";
		};
/* End PBXGroup section */

/* Begin PBXNativeTarget section */
		55424C5A1D629A6D0045F6AE /* Market */ = {
			isa = PBXNativeTarget;
			buildConfigurationList = 55424C6F1D629A6E0045F6AE /* Build configuration list for PBXNativeTarget "Market" */;
			buildPhases = (
				55424C571D629A6D0045F6AE /* Sources */,
				55424C581D629A6D0045F6AE /* Frameworks */,
				55424C591D629A6D0045F6AE /* Resources */,
			);
			buildRules = (
			);
			dependencies = (
			);
			name = Market;
			productName = Market;
			productReference = 55424C5B1D629A6D0045F6AE /* Market.app */;
			productType = "com.apple.product-type.application";
		};
/* End PBXNativeTarget section */

/* Begin PBXProject section */
		55424C531D629A6D0045F6AE /* Project object */ = {
			isa = PBXProject;
			attributes = {
				LastSwiftUpdateCheck = 0730;
				LastUpgradeCheck = 0730;
				ORGANIZATIONNAME = "COOKPAD inc,";
				TargetAttributes = {
					55424C5A1D629A6D0045F6AE = {
						CreatedOnToolsVersion = 7.3.1;
					};
				};
			};
			buildConfigurationList = 55424C561D629A6D0045F6AE /* Build configuration list for PBXProject "Market" */;
			compatibilityVersion = "Xcode 3.2";
			developmentRegion = English;
			hasScannedForEncodings = 0;
			knownRegions = (
				en,
				Base,
			);
			mainGroup = 55424C521D629A6D0045F6AE;
			productRefGroup = 55424C5C1D629A6D0045F6AE /* Products */;
			projectDirPath = "";
			projectRoot = "";
			targets = (
				55424C5A1D629A6D0045F6AE /* Market */,
			);
		};
/* End PBXProject section */

/* Begin PBXResourcesBuildPhase section */
		55424C591D629A6D0045F6AE /* Resources */ = {
			isa = PBXResourcesBuildPhase;
			buildActionMask = 2147483647;
			files = (
				55424C6B1D629A6E0045F6AE /* LaunchScreen.storyboard in Resources */,
				55424C681D629A6E0045F6AE /* Assets.xcassets in Resources */,
				55424C661D629A6E0045F6AE /* Main.storyboard in Resources */,
			);
			runOnlyForDeploymentPostprocessing = 0;
		};
/* End PBXResourcesBuildPhase section */

/* Begin PBXSourcesBuildPhase section */
		55424C571D629A6D0045F6AE /* Sources */ = {
			isa = PBXSourcesBuildPhase;
			buildActionMask = 2147483647;
			files = (
				55424C631D629A6E0045F6AE /* SecondViewController.swift in Sources */,
				55424C5F1D629A6D0045F6AE /* AppDelegate.swift in Sources */,
				55424C611D629A6D0045F6AE /* FirstViewController.swift in Sources */,
			);
			runOnlyForDeploymentPostprocessing = 0;
		};
/* End PBXSourcesBuildPhase section */

/* Begin PBXVariantGroup section */
		55424C641D629A6E0045F6AE /* Main.storyboard */ = {
			isa = PBXVariantGroup;
			children = (
				55424C651D629A6E0045F6AE /* Base */,
			);
			name = Main.storyboard;
			sourceTree = "<group>";
		};
		55424C691D629A6E0045F6AE /* LaunchScreen.storyboard */ = {
			isa = PBXVariantGroup;
			children = (
				55424C6A1D629A6E0045F6AE /* Base */,
			);
			name = LaunchScreen.storyboard;
			sourceTree = "<group>";
		};
/* End PBXVariantGroup section */

/* Begin XCBuildConfiguration section */
		55424C6D1D629A6E0045F6AE /* Debug */ = {
			isa = XCBuildConfiguration;
			buildSettings = {
				ALWAYS_SEARCH_USER_PATHS = NO;
				CLANG_ANALYZER_NONNULL = YES;
				CLANG_CXX_LANGUAGE_STANDARD = "gnu++0x";
				CLANG_CXX_LIBRARY = "libc++";
				CLANG_ENABLE_MODULES = YES;
				CLANG_ENABLE_OBJC_ARC = YES;
				CLANG_WARN_BOOL_CONVERSION = YES;
				CLANG_WARN_CONSTANT_CONVERSION = YES;
				CLANG_WARN_DIRECT_OBJC_ISA_USAGE = YES_ERROR;
				CLANG_WARN_EMPTY_BODY = YES;
				CLANG_WARN_ENUM_CONVERSION = YES;
				CLANG_WARN_INT_CONVERSION = YES;
				CLANG_WARN_OBJC_ROOT_CLASS = YES_ERROR;
				CLANG_WARN_UNREACHABLE_CODE = YES;
				CLANG_WARN__DUPLICATE_METHOD_MATCH = YES;
				"CODE_SIGN_IDENTITY[sdk=iphoneos*]" = "iPhone Developer";
				COPY_PHASE_STRIP = NO;
				DEBUG_INFORMATION_FORMAT = dwarf;
				ENABLE_STRICT_OBJC_MSGSEND = YES;
				ENABLE_TESTABILITY = YES;
				GCC_C_LANGUAGE_STANDARD = gnu99;
				GCC_DYNAMIC_NO_PIC = NO;
				GCC_NO_COMMON_BLOCKS = YES;
				GCC_OPTIMIZATION_LEVEL = 0;
				GCC_PREPROCESSOR_DEFINITIONS = (
					"DEBUG=1",
					"$(inherited)",
				);
				GCC_WARN_64_TO_32_BIT_CONVERSION = YES;
				GCC_WARN_ABOUT_RETURN_TYPE = YES_ERROR;
				GCC_WARN_UNDECLARED_SELECTOR = YES;
				GCC_WARN_UNINITIALIZED_AUTOS = YES_AGGRESSIVE;
				GCC_WARN_UNUSED_FUNCTION = YES;
				GCC_WARN_UNUSED_VARIABLE = YES;
				IPHONEOS_DEPLOYMENT_TARGET = 9.3;
				MTL_ENABLE_DEBUG_INFO = YES;
				ONLY_ACTIVE_ARCH = YES;
				SDKROOT = iphoneos;
				SWIFT_OPTIMIZATION_LEVEL = "-Onone";
				TARGETED_DEVICE_FAMILY = "1,2";
			};
			name = Debug;
		};
		55424C6E1D629A6E0045F6AE /* Release */ = {
			isa = XCBuildConfiguration;
			buildSettings = {
				ALWAYS_SEARCH_USER_PATHS = NO;
				CLANG_ANALYZER_NONNULL = YES;
				CLANG_CXX_LANGUAGE_STANDARD = "gnu++0x";
				CLANG_CXX_LIBRARY = "libc++";
				CLANG_ENABLE_MODULES = YES;
				CLANG_ENABLE_OBJC_ARC = YES;
				CLANG_WARN_BOOL_CONVERSION = YES;
				CLANG_WARN_CONSTANT_CONVERSION = YES;
				CLANG_WARN_DIRECT_OBJC_ISA_USAGE = YES_ERROR;
				CLANG_WARN_EMPTY_BODY = YES;
				CLANG_WARN_ENUM_CONVERSION = YES;
				CLANG_WARN_INT_CONVERSION = YES;
				CLANG_WARN_OBJC_ROOT_CLASS = YES_ERROR;
				CLANG_WARN_UNREACHABLE_CODE = YES;
				CLANG_WARN__DUPLICATE_METHOD_MATCH = YES;
				"CODE_SIGN_IDENTITY[sdk=iphoneos*]" = "iPhone Developer";
				COPY_PHASE_STRIP = NO;
				DEBUG_INFORMATION_FORMAT = "dwarf-with-dsym";
				ENABLE_NS_ASSERTIONS = NO;
				ENABLE_STRICT_OBJC_MSGSEND = YES;
				GCC_C_LANGUAGE_STANDARD = gnu99;
				GCC_NO_COMMON_BLOCKS = YES;
				GCC_WARN_64_TO_32_BIT_CONVERSION = YES;
				GCC_WARN_ABOUT_RETURN_TYPE = YES_ERROR;
				GCC_WARN_UNDECLARED_SELECTOR = YES;
				GCC_WARN_UNINITIALIZED_AUTOS = YES_AGGRESSIVE;
				GCC_WARN_UNUSED_FUNCTION = YES;
				GCC_WARN_UNUSED_VARIABLE = YES;
				IPHONEOS_DEPLOYMENT_TARGET = 9.3;
				MTL_ENABLE_DEBUG_INFO = NO;
				SDKROOT = iphoneos;
				TARGETED_DEVICE_FAMILY = "1,2";
				VALIDATE_PRODUCT = YES;
			};
			name = Release;
		};
		55424C701D629A6E0045F6AE /* Debug */ = {
			isa = XCBuildConfiguration;
			buildSettings = {
				ASSETCATALOG_COMPILER_APPICON_NAME = AppIcon;
				INFOPLIST_FILE = Market/Info.plist;
				LD_RUNPATH_SEARCH_PATHS = "$(inherited) @executable_path/Frameworks";
				PRODUCT_BUNDLE_IDENTIFIER = com.cookpad.ios.Market;
				PRODUCT_NAME = "$(TARGET_NAME)";
			};
			name = Debug;
		};
		55424C711D629A6E0045F6AE /* Release */ = {
			isa = XCBuildConfiguration;
			buildSettings = {
				ASSETCATALOG_COMPILER_APPICON_NAME = AppIcon;
				INFOPLIST_FILE = Market/Info.plist;
				LD_RUNPATH_SEARCH_PATHS = "$(inherited) @executable_path/Frameworks";
				PRODUCT_BUNDLE_IDENTIFIER = com.cookpad.ios.Market;
				PRODUCT_NAME = "$(TARGET_NAME)";
			};
			name = Release;
		};
/* End XCBuildConfiguration section */

/* Begin XCConfigurationList section */
		55424C561D629A6D0045F6AE /* Build configuration list for PBXProject "Market" */ = {
			isa = XCConfigurationList;
			buildConfigurations = (
				55424C6D1D629A6E0045F6AE /* Debug */,
				55424C6E1D629A6E0045F6AE /* Release */,
			);
			defaultConfigurationIsVisible = 0;
			defaultConfigurationName = Release;
		};
		55424C6F1D629A6E0045F6AE /* Build configuration list for PBXNativeTarget "Market" */ = {
			isa = XCConfigurationList;
			buildConfigurations = (
				55424C701D629A6E0045F6AE /* Debug */,
				55424C711D629A6E0045F6AE /* Release */,
			);
			defaultConfigurationIsVisible = 0;
		};
/* End XCConfigurationList section */
	};
	rootObject = 55424C531D629A6D0045F6AE /* Project object */;
}
