// !$*UTF8*$!
{
	archiveVersion = 1;
	classes = {
	};
	objectVersion = 46;
	objects = {

/* Begin PBXBuildFile section */
		55424C5F1D629A6D0045F6AE /* AppDelegate.swift in Sources */ = {isa = PBXBuildFile; fileRef = 55424C5E1D629A6D0045F6AE /* AppDelegate.swift */; };
		55424C661D629A6E0045F6AE /* Main.storyboard in Resources */ = {isa = PBXBuildFile; fileRef = 55424C641D629A6E0045F6AE /* Main.storyboard */; };
		55424C681D629A6E0045F6AE /* Assets.xcassets in Resources */ = {isa = PBXBuildFile; fileRef = 55424C671D629A6E0045F6AE /* Assets.xcassets */; };
		55424C6B1D629A6E0045F6AE /* LaunchScreen.storyboard in Resources */ = {isa = PBXBuildFile; fileRef = 55424C691D629A6E0045F6AE /* LaunchScreen.storyboard */; };
		55424C761D629F070045F6AE /* RecommendItemsViewController.swift in Sources */ = {isa = PBXBuildFile; fileRef = 55424C751D629F070045F6AE /* RecommendItemsViewController.swift */; };
		55424C781D62A4AF0045F6AE /* RecommendItemCell.swift in Sources */ = {isa = PBXBuildFile; fileRef = 55424C771D62A4AF0045F6AE /* RecommendItemCell.swift */; };
		556925081D62B01E0000C1C0 /* Item.swift in Sources */ = {isa = PBXBuildFile; fileRef = 556925071D62B01E0000C1C0 /* Item.swift */; };
		5569250E1D62CAB30000C1C0 /* APIKit.framework in Frameworks */ = {isa = PBXBuildFile; fileRef = 556925091D62CAB30000C1C0 /* APIKit.framework */; };
		5569250F1D62CAB30000C1C0 /* FontAwesome.framework in Frameworks */ = {isa = PBXBuildFile; fileRef = 5569250A1D62CAB30000C1C0 /* FontAwesome.framework */; };
		556925101D62CAB30000C1C0 /* Himotoki.framework in Frameworks */ = {isa = PBXBuildFile; fileRef = 5569250B1D62CAB30000C1C0 /* Himotoki.framework */; };
		556925111D62CAB30000C1C0 /* Result.framework in Frameworks */ = {isa = PBXBuildFile; fileRef = 5569250C1D62CAB30000C1C0 /* Result.framework */; };
		556925121D62CAB30000C1C0 /* WebImage.framework in Frameworks */ = {isa = PBXBuildFile; fileRef = 5569250D1D62CAB30000C1C0 /* WebImage.framework */; };
		556925161D62D02C0000C1C0 /* MarketRequestType.swift in Sources */ = {isa = PBXBuildFile; fileRef = 556925151D62D02C0000C1C0 /* MarketRequestType.swift */; };
		556925181D62D1C60000C1C0 /* RecommendItemsRequest.swift in Sources */ = {isa = PBXBuildFile; fileRef = 556925171D62D1C60000C1C0 /* RecommendItemsRequest.swift */; };
		5569251C1D62DF880000C1C0 /* ItemDetailsViewController.swift in Sources */ = {isa = PBXBuildFile; fileRef = 5569251B1D62DF880000C1C0 /* ItemDetailsViewController.swift */; };
		5569251E1D62E5180000C1C0 /* ItemRequest.swift in Sources */ = {isa = PBXBuildFile; fileRef = 5569251D1D62E5180000C1C0 /* ItemRequest.swift */; };
		556925201D62EA690000C1C0 /* CategoryCell.swift in Sources */ = {isa = PBXBuildFile; fileRef = 5569251F1D62EA690000C1C0 /* CategoryCell.swift */; };
		556925221D62EAFE0000C1C0 /* Category.swift in Sources */ = {isa = PBXBuildFile; fileRef = 556925211D62EAFE0000C1C0 /* Category.swift */; };
		556925241D62EB830000C1C0 /* CategoriesRequest.swift in Sources */ = {isa = PBXBuildFile; fileRef = 556925231D62EB830000C1C0 /* CategoriesRequest.swift */; };
		556925261D62ECC70000C1C0 /* CategoryViewController.swift in Sources */ = {isa = PBXBuildFile; fileRef = 556925251D62ECC70000C1C0 /* CategoryViewController.swift */; };
		556925281D62F1B90000C1C0 /* CategoryItemsViewController.swift in Sources */ = {isa = PBXBuildFile; fileRef = 556925271D62F1B90000C1C0 /* CategoryItemsViewController.swift */; };
		5569252A1D62F22F0000C1C0 /* CategoryItemsRequest.swift in Sources */ = {isa = PBXBuildFile; fileRef = 556925291D62F22F0000C1C0 /* CategoryItemsRequest.swift */; };
		5569252C1D62F3600000C1C0 /* CategoryItemsCollectionViewCell.swift in Sources */ = {isa = PBXBuildFile; fileRef = 5569252B1D62F3600000C1C0 /* CategoryItemsCollectionViewCell.swift */; };
		5569252E1D6303670000C1C0 /* CartItem.swift in Sources */ = {isa = PBXBuildFile; fileRef = 5569252D1D6303670000C1C0 /* CartItem.swift */; };
		556925301D6303890000C1C0 /* CartHolder.swift in Sources */ = {isa = PBXBuildFile; fileRef = 5569252F1D6303890000C1C0 /* CartHolder.swift */; };
		556925321D6304890000C1C0 /* CartItemsViewController.swift in Sources */ = {isa = PBXBuildFile; fileRef = 556925311D6304890000C1C0 /* CartItemsViewController.swift */; };
		556925341D63051B0000C1C0 /* CartItemCell.swift in Sources */ = {isa = PBXBuildFile; fileRef = 556925331D63051B0000C1C0 /* CartItemCell.swift */; };
		55ACB3CD1D65B0A90063477A /* PurchaseConfirmationViewController.swift in Sources */ = {isa = PBXBuildFile; fileRef = 55ACB3CC1D65B0A90063477A /* PurchaseConfirmationViewController.swift */; };
/* End PBXBuildFile section */

/* Begin PBXFileReference section */
		55424C5B1D629A6D0045F6AE /* Market.app */ = {isa = PBXFileReference; explicitFileType = wrapper.application; includeInIndex = 0; path = Market.app; sourceTree = BUILT_PRODUCTS_DIR; };
		55424C5E1D629A6D0045F6AE /* AppDelegate.swift */ = {isa = PBXFileReference; lastKnownFileType = sourcecode.swift; path = AppDelegate.swift; sourceTree = "<group>"; };
		55424C651D629A6E0045F6AE /* Base */ = {isa = PBXFileReference; lastKnownFileType = file.storyboard; name = Base; path = Base.lproj/Main.storyboard; sourceTree = "<group>"; };
		55424C671D629A6E0045F6AE /* Assets.xcassets */ = {isa = PBXFileReference; lastKnownFileType = folder.assetcatalog; path = Assets.xcassets; sourceTree = "<group>"; };
		55424C6A1D629A6E0045F6AE /* Base */ = {isa = PBXFileReference; lastKnownFileType = file.storyboard; name = Base; path = Base.lproj/LaunchScreen.storyboard; sourceTree = "<group>"; };
		55424C6C1D629A6E0045F6AE /* Info.plist */ = {isa = PBXFileReference; lastKnownFileType = text.plist.xml; path = Info.plist; sourceTree = "<group>"; };
		55424C751D629F070045F6AE /* RecommendItemsViewController.swift */ = {isa = PBXFileReference; fileEncoding = 4; lastKnownFileType = sourcecode.swift; path = RecommendItemsViewController.swift; sourceTree = "<group>"; };
		55424C771D62A4AF0045F6AE /* RecommendItemCell.swift */ = {isa = PBXFileReference; fileEncoding = 4; lastKnownFileType = sourcecode.swift; path = RecommendItemCell.swift; sourceTree = "<group>"; };
		556925071D62B01E0000C1C0 /* Item.swift */ = {isa = PBXFileReference; fileEncoding = 4; lastKnownFileType = sourcecode.swift; path = Item.swift; sourceTree = "<group>"; };
		556925091D62CAB30000C1C0 /* APIKit.framework */ = {isa = PBXFileReference; lastKnownFileType = wrapper.framework; name = APIKit.framework; path = Carthage/Build/iOS/APIKit.framework; sourceTree = "<group>"; };
		5569250A1D62CAB30000C1C0 /* FontAwesome.framework */ = {isa = PBXFileReference; lastKnownFileType = wrapper.framework; name = FontAwesome.framework; path = Carthage/Build/iOS/FontAwesome.framework; sourceTree = "<group>"; };
		5569250B1D62CAB30000C1C0 /* Himotoki.framework */ = {isa = PBXFileReference; lastKnownFileType = wrapper.framework; name = Himotoki.framework; path = Carthage/Build/iOS/Himotoki.framework; sourceTree = "<group>"; };
		5569250C1D62CAB30000C1C0 /* Result.framework */ = {isa = PBXFileReference; lastKnownFileType = wrapper.framework; name = Result.framework; path = Carthage/Build/iOS/Result.framework; sourceTree = "<group>"; };
		5569250D1D62CAB30000C1C0 /* WebImage.framework */ = {isa = PBXFileReference; lastKnownFileType = wrapper.framework; name = WebImage.framework; path = Carthage/Build/iOS/WebImage.framework; sourceTree = "<group>"; };
		556925151D62D02C0000C1C0 /* MarketRequestType.swift */ = {isa = PBXFileReference; fileEncoding = 4; lastKnownFileType = sourcecode.swift; path = MarketRequestType.swift; sourceTree = "<group>"; };
		556925171D62D1C60000C1C0 /* RecommendItemsRequest.swift */ = {isa = PBXFileReference; fileEncoding = 4; lastKnownFileType = sourcecode.swift; path = RecommendItemsRequest.swift; sourceTree = "<group>"; };
		5569251B1D62DF880000C1C0 /* ItemDetailsViewController.swift */ = {isa = PBXFileReference; fileEncoding = 4; lastKnownFileType = sourcecode.swift; path = ItemDetailsViewController.swift; sourceTree = "<group>"; };
		5569251D1D62E5180000C1C0 /* ItemRequest.swift */ = {isa = PBXFileReference; fileEncoding = 4; lastKnownFileType = sourcecode.swift; path = ItemRequest.swift; sourceTree = "<group>"; };
		5569251F1D62EA690000C1C0 /* CategoryCell.swift */ = {isa = PBXFileReference; fileEncoding = 4; lastKnownFileType = sourcecode.swift; path = CategoryCell.swift; sourceTree = "<group>"; };
		556925211D62EAFE0000C1C0 /* Category.swift */ = {isa = PBXFileReference; fileEncoding = 4; lastKnownFileType = sourcecode.swift; path = Category.swift; sourceTree = "<group>"; };
		556925231D62EB830000C1C0 /* CategoriesRequest.swift */ = {isa = PBXFileReference; fileEncoding = 4; lastKnownFileType = sourcecode.swift; path = CategoriesRequest.swift; sourceTree = "<group>"; };
		556925251D62ECC70000C1C0 /* CategoryViewController.swift */ = {isa = PBXFileReference; fileEncoding = 4; lastKnownFileType = sourcecode.swift; path = CategoryViewController.swift; sourceTree = "<group>"; };
		556925271D62F1B90000C1C0 /* CategoryItemsViewController.swift */ = {isa = PBXFileReference; fileEncoding = 4; lastKnownFileType = sourcecode.swift; path = CategoryItemsViewController.swift; sourceTree = "<group>"; };
		556925291D62F22F0000C1C0 /* CategoryItemsRequest.swift */ = {isa = PBXFileReference; fileEncoding = 4; lastKnownFileType = sourcecode.swift; path = CategoryItemsRequest.swift; sourceTree = "<group>"; };
		5569252B1D62F3600000C1C0 /* CategoryItemsCollectionViewCell.swift */ = {isa = PBXFileReference; fileEncoding = 4; lastKnownFileType = sourcecode.swift; path = CategoryItemsCollectionViewCell.swift; sourceTree = "<group>"; };
		5569252D1D6303670000C1C0 /* CartItem.swift */ = {isa = PBXFileReference; fileEncoding = 4; lastKnownFileType = sourcecode.swift; path = CartItem.swift; sourceTree = "<group>"; };
		5569252F1D6303890000C1C0 /* CartHolder.swift */ = {isa = PBXFileReference; fileEncoding = 4; lastKnownFileType = sourcecode.swift; path = CartHolder.swift; sourceTree = "<group>"; };
		556925311D6304890000C1C0 /* CartItemsViewController.swift */ = {isa = PBXFileReference; fileEncoding = 4; lastKnownFileType = sourcecode.swift; path = CartItemsViewController.swift; sourceTree = "<group>"; };
		556925331D63051B0000C1C0 /* CartItemCell.swift */ = {isa = PBXFileReference; fileEncoding = 4; lastKnownFileType = sourcecode.swift; path = CartItemCell.swift; sourceTree = "<group>"; };
		55ACB3CC1D65B0A90063477A /* PurchaseConfirmationViewController.swift */ = {isa = PBXFileReference; fileEncoding = 4; lastKnownFileType = sourcecode.swift; path = PurchaseConfirmationViewController.swift; sourceTree = "<group>"; };
/* End PBXFileReference section */

/* Begin PBXFrameworksBuildPhase section */
		55424C581D629A6D0045F6AE /* Frameworks */ = {
			isa = PBXFrameworksBuildPhase;
			buildActionMask = 2147483647;
			files = (
				5569250E1D62CAB30000C1C0 /* APIKit.framework in Frameworks */,
				5569250F1D62CAB30000C1C0 /* FontAwesome.framework in Frameworks */,
				556925101D62CAB30000C1C0 /* Himotoki.framework in Frameworks */,
				556925111D62CAB30000C1C0 /* Result.framework in Frameworks */,
				556925121D62CAB30000C1C0 /* WebImage.framework in Frameworks */,
			);
			runOnlyForDeploymentPostprocessing = 0;
		};
/* End PBXFrameworksBuildPhase section */

/* Begin PBXGroup section */
		55424C521D629A6D0045F6AE = {
			isa = PBXGroup;
			children = (
				556925141D62CD370000C1C0 /* Frameworks */,
				55424C5D1D629A6D0045F6AE /* Market */,
				55424C5C1D629A6D0045F6AE /* Products */,
			);
			sourceTree = "<group>";
		};
		55424C5C1D629A6D0045F6AE /* Products */ = {
			isa = PBXGroup;
			children = (
				55424C5B1D629A6D0045F6AE /* Market.app */,
			);
			name = Products;
			sourceTree = "<group>";
		};
		55424C5D1D629A6D0045F6AE /* Market */ = {
			isa = PBXGroup;
			children = (
				55424C721D629B970045F6AE /* Model */,
				55424C731D629BD90045F6AE /* View */,
				55424C741D629BDF0045F6AE /* ViewController */,
				55424C5E1D629A6D0045F6AE /* AppDelegate.swift */,
				55424C641D629A6E0045F6AE /* Main.storyboard */,
				55424C671D629A6E0045F6AE /* Assets.xcassets */,
				55424C691D629A6E0045F6AE /* LaunchScreen.storyboard */,
				55424C6C1D629A6E0045F6AE /* Info.plist */,
			);
			path = Market;
			sourceTree = "<group>";
		};
		55424C721D629B970045F6AE /* Model */ = {
			isa = PBXGroup;
			children = (
				556925071D62B01E0000C1C0 /* Item.swift */,
				556925151D62D02C0000C1C0 /* MarketRequestType.swift */,
				556925171D62D1C60000C1C0 /* RecommendItemsRequest.swift */,
				5569251D1D62E5180000C1C0 /* ItemRequest.swift */,
				556925211D62EAFE0000C1C0 /* Category.swift */,
				556925231D62EB830000C1C0 /* CategoriesRequest.swift */,
				556925291D62F22F0000C1C0 /* CategoryItemsRequest.swift */,
				5569252D1D6303670000C1C0 /* CartItem.swift */,
				5569252F1D6303890000C1C0 /* CartHolder.swift */,
			);
			path = Model;
			sourceTree = "<group>";
		};
		55424C731D629BD90045F6AE /* View */ = {
			isa = PBXGroup;
			children = (
				55424C771D62A4AF0045F6AE /* RecommendItemCell.swift */,
				5569251F1D62EA690000C1C0 /* CategoryCell.swift */,
				5569252B1D62F3600000C1C0 /* CategoryItemsCollectionViewCell.swift */,
				556925331D63051B0000C1C0 /* CartItemCell.swift */,
			);
			path = View;
			sourceTree = "<group>";
		};
		55424C741D629BDF0045F6AE /* ViewController */ = {
			isa = PBXGroup;
			children = (
				55424C751D629F070045F6AE /* RecommendItemsViewController.swift */,
				5569251B1D62DF880000C1C0 /* ItemDetailsViewController.swift */,
				556925251D62ECC70000C1C0 /* CategoryViewController.swift */,
				556925271D62F1B90000C1C0 /* CategoryItemsViewController.swift */,
				556925311D6304890000C1C0 /* CartItemsViewController.swift */,
				55ACB3CC1D65B0A90063477A /* PurchaseConfirmationViewController.swift */,
			);
			path = ViewController;
			sourceTree = "<group>";
		};
		556925141D62CD370000C1C0 /* Frameworks */ = {
			isa = PBXGroup;
			children = (
				556925091D62CAB30000C1C0 /* APIKit.framework */,
				5569250A1D62CAB30000C1C0 /* FontAwesome.framework */,
				5569250B1D62CAB30000C1C0 /* Himotoki.framework */,
				5569250C1D62CAB30000C1C0 /* Result.framework */,
				5569250D1D62CAB30000C1C0 /* WebImage.framework */,
			);
			name = Frameworks;
			sourceTree = "<group>";
		};
/* End PBXGroup section */

/* Begin PBXNativeTarget section */
		55424C5A1D629A6D0045F6AE /* Market */ = {
			isa = PBXNativeTarget;
			buildConfigurationList = 55424C6F1D629A6E0045F6AE /* Build configuration list for PBXNativeTarget "Market" */;
			buildPhases = (
				55424C571D629A6D0045F6AE /* Sources */,
				55424C581D629A6D0045F6AE /* Frameworks */,
				55424C591D629A6D0045F6AE /* Resources */,
				556925131D62CAE00000C1C0 /* Copy Frameworks */,
			);
			buildRules = (
			);
			dependencies = (
			);
			name = Market;
			productName = Market;
			productReference = 55424C5B1D629A6D0045F6AE /* Market.app */;
			productType = "com.apple.product-type.application";
		};
/* End PBXNativeTarget section */

/* Begin PBXProject section */
		55424C531D629A6D0045F6AE /* Project object */ = {
			isa = PBXProject;
			attributes = {
				LastSwiftUpdateCheck = 0730;
				LastUpgradeCheck = 0730;
				ORGANIZATIONNAME = "COOKPAD inc,";
				TargetAttributes = {
					55424C5A1D629A6D0045F6AE = {
						CreatedOnToolsVersion = 7.3.1;
					};
				};
			};
			buildConfigurationList = 55424C561D629A6D0045F6AE /* Build configuration list for PBXProject "Market" */;
			compatibilityVersion = "Xcode 3.2";
			developmentRegion = English;
			hasScannedForEncodings = 0;
			knownRegions = (
				en,
				Base,
			);
			mainGroup = 55424C521D629A6D0045F6AE;
			productRefGroup = 55424C5C1D629A6D0045F6AE /* Products */;
			projectDirPath = "";
			projectRoot = "";
			targets = (
				55424C5A1D629A6D0045F6AE /* Market */,
			);
		};
/* End PBXProject section */

/* Begin PBXResourcesBuildPhase section */
		55424C591D629A6D0045F6AE /* Resources */ = {
			isa = PBXResourcesBuildPhase;
			buildActionMask = 2147483647;
			files = (
				55424C6B1D629A6E0045F6AE /* LaunchScreen.storyboard in Resources */,
				55424C681D629A6E0045F6AE /* Assets.xcassets in Resources */,
				55424C661D629A6E0045F6AE /* Main.storyboard in Resources */,
			);
			runOnlyForDeploymentPostprocessing = 0;
		};
/* End PBXResourcesBuildPhase section */

/* Begin PBXShellScriptBuildPhase section */
		556925131D62CAE00000C1C0 /* Copy Frameworks */ = {
			isa = PBXShellScriptBuildPhase;
			buildActionMask = 2147483647;
			files = (
			);
			inputPaths = (
				"$(SRCROOT)/Carthage/Build/iOS/Result.framework",
				"$(SRCROOT)/Carthage/Build/iOS/Himotoki.framework",
				"$(SRCROOT)/Carthage/Build/iOS/APIKit.framework",
				"$(SRCROOT)/Carthage/Build/iOS/FontAwesome.framework",
				"$(SRCROOT)/Carthage/Build/iOS/WebImage.framework",
			);
			name = "Copy Frameworks";
			outputPaths = (
			);
			runOnlyForDeploymentPostprocessing = 0;
			shellPath = /bin/sh;
			shellScript = "/opt/brew/bin/carthage copy-frameworks";
		};
/* End PBXShellScriptBuildPhase section */

/* Begin PBXSourcesBuildPhase section */
		55424C571D629A6D0045F6AE /* Sources */ = {
			isa = PBXSourcesBuildPhase;
			buildActionMask = 2147483647;
			files = (
				556925081D62B01E0000C1C0 /* Item.swift in Sources */,
				556925241D62EB830000C1C0 /* CategoriesRequest.swift in Sources */,
				5569252E1D6303670000C1C0 /* CartItem.swift in Sources */,
				556925221D62EAFE0000C1C0 /* Category.swift in Sources */,
				556925301D6303890000C1C0 /* CartHolder.swift in Sources */,
				556925181D62D1C60000C1C0 /* RecommendItemsRequest.swift in Sources */,
				55ACB3CD1D65B0A90063477A /* PurchaseConfirmationViewController.swift in Sources */,
				556925261D62ECC70000C1C0 /* CategoryViewController.swift in Sources */,
				55424C781D62A4AF0045F6AE /* RecommendItemCell.swift in Sources */,
				5569252A1D62F22F0000C1C0 /* CategoryItemsRequest.swift in Sources */,
				556925321D6304890000C1C0 /* CartItemsViewController.swift in Sources */,
				556925281D62F1B90000C1C0 /* CategoryItemsViewController.swift in Sources */,
				55424C761D629F070045F6AE /* RecommendItemsViewController.swift in Sources */,
				5569251E1D62E5180000C1C0 /* ItemRequest.swift in Sources */,
				556925201D62EA690000C1C0 /* CategoryCell.swift in Sources */,
				556925161D62D02C0000C1C0 /* MarketRequestType.swift in Sources */,
				5569251C1D62DF880000C1C0 /* ItemDetailsViewController.swift in Sources */,
				556925341D63051B0000C1C0 /* CartItemCell.swift in Sources */,
				55424C5F1D629A6D0045F6AE /* AppDelegate.swift in Sources */,
				5569252C1D62F3600000C1C0 /* CategoryItemsCollectionViewCell.swift in Sources */,
			);
			runOnlyForDeploymentPostprocessing = 0;
		};
/* End PBXSourcesBuildPhase section */

/* Begin PBXVariantGroup section */
		55424C641D629A6E0045F6AE /* Main.storyboard */ = {
			isa = PBXVariantGroup;
			children = (
				55424C651D629A6E0045F6AE /* Base */,
			);
			name = Main.storyboard;
			sourceTree = "<group>";
		};
		55424C691D629A6E0045F6AE /* LaunchScreen.storyboard */ = {
			isa = PBXVariantGroup;
			children = (
				55424C6A1D629A6E0045F6AE /* Base */,
			);
			name = LaunchScreen.storyboard;
			sourceTree = "<group>";
		};
/* End PBXVariantGroup section */

/* Begin XCBuildConfiguration section */
		55424C6D1D629A6E0045F6AE /* Debug */ = {
			isa = XCBuildConfiguration;
			buildSettings = {
				ALWAYS_SEARCH_USER_PATHS = NO;
				CLANG_ANALYZER_NONNULL = YES;
				CLANG_CXX_LANGUAGE_STANDARD = "gnu++0x";
				CLANG_CXX_LIBRARY = "libc++";
				CLANG_ENABLE_MODULES = YES;
				CLANG_ENABLE_OBJC_ARC = YES;
				CLANG_WARN_BOOL_CONVERSION = YES;
				CLANG_WARN_CONSTANT_CONVERSION = YES;
				CLANG_WARN_DIRECT_OBJC_ISA_USAGE = YES_ERROR;
				CLANG_WARN_EMPTY_BODY = YES;
				CLANG_WARN_ENUM_CONVERSION = YES;
				CLANG_WARN_INT_CONVERSION = YES;
				CLANG_WARN_OBJC_ROOT_CLASS = YES_ERROR;
				CLANG_WARN_UNREACHABLE_CODE = YES;
				CLANG_WARN__DUPLICATE_METHOD_MATCH = YES;
				"CODE_SIGN_IDENTITY[sdk=iphoneos*]" = "iPhone Developer";
				COPY_PHASE_STRIP = NO;
				DEBUG_INFORMATION_FORMAT = dwarf;
				ENABLE_STRICT_OBJC_MSGSEND = YES;
				ENABLE_TESTABILITY = YES;
				GCC_C_LANGUAGE_STANDARD = gnu99;
				GCC_DYNAMIC_NO_PIC = NO;
				GCC_NO_COMMON_BLOCKS = YES;
				GCC_OPTIMIZATION_LEVEL = 0;
				GCC_PREPROCESSOR_DEFINITIONS = (
					"DEBUG=1",
					"$(inherited)",
				);
				GCC_WARN_64_TO_32_BIT_CONVERSION = YES;
				GCC_WARN_ABOUT_RETURN_TYPE = YES_ERROR;
				GCC_WARN_UNDECLARED_SELECTOR = YES;
				GCC_WARN_UNINITIALIZED_AUTOS = YES_AGGRESSIVE;
				GCC_WARN_UNUSED_FUNCTION = YES;
				GCC_WARN_UNUSED_VARIABLE = YES;
				IPHONEOS_DEPLOYMENT_TARGET = 9.3;
				MTL_ENABLE_DEBUG_INFO = YES;
				ONLY_ACTIVE_ARCH = YES;
				SDKROOT = iphoneos;
				SWIFT_OPTIMIZATION_LEVEL = "-Onone";
				TARGETED_DEVICE_FAMILY = "1,2";
			};
			name = Debug;
		};
		55424C6E1D629A6E0045F6AE /* Release */ = {
			isa = XCBuildConfiguration;
			buildSettings = {
				ALWAYS_SEARCH_USER_PATHS = NO;
				CLANG_ANALYZER_NONNULL = YES;
				CLANG_CXX_LANGUAGE_STANDARD = "gnu++0x";
				CLANG_CXX_LIBRARY = "libc++";
				CLANG_ENABLE_MODULES = YES;
				CLANG_ENABLE_OBJC_ARC = YES;
				CLANG_WARN_BOOL_CONVERSION = YES;
				CLANG_WARN_CONSTANT_CONVERSION = YES;
				CLANG_WARN_DIRECT_OBJC_ISA_USAGE = YES_ERROR;
				CLANG_WARN_EMPTY_BODY = YES;
				CLANG_WARN_ENUM_CONVERSION = YES;
				CLANG_WARN_INT_CONVERSION = YES;
				CLANG_WARN_OBJC_ROOT_CLASS = YES_ERROR;
				CLANG_WARN_UNREACHABLE_CODE = YES;
				CLANG_WARN__DUPLICATE_METHOD_MATCH = YES;
				"CODE_SIGN_IDENTITY[sdk=iphoneos*]" = "iPhone Developer";
				COPY_PHASE_STRIP = NO;
				DEBUG_INFORMATION_FORMAT = "dwarf-with-dsym";
				ENABLE_NS_ASSERTIONS = NO;
				ENABLE_STRICT_OBJC_MSGSEND = YES;
				GCC_C_LANGUAGE_STANDARD = gnu99;
				GCC_NO_COMMON_BLOCKS = YES;
				GCC_WARN_64_TO_32_BIT_CONVERSION = YES;
				GCC_WARN_ABOUT_RETURN_TYPE = YES_ERROR;
				GCC_WARN_UNDECLARED_SELECTOR = YES;
				GCC_WARN_UNINITIALIZED_AUTOS = YES_AGGRESSIVE;
				GCC_WARN_UNUSED_FUNCTION = YES;
				GCC_WARN_UNUSED_VARIABLE = YES;
				IPHONEOS_DEPLOYMENT_TARGET = 9.3;
				MTL_ENABLE_DEBUG_INFO = NO;
				SDKROOT = iphoneos;
				TARGETED_DEVICE_FAMILY = "1,2";
				VALIDATE_PRODUCT = YES;
			};
			name = Release;
		};
		55424C701D629A6E0045F6AE /* Debug */ = {
			isa = XCBuildConfiguration;
			buildSettings = {
				ASSETCATALOG_COMPILER_APPICON_NAME = AppIcon;
				FRAMEWORK_SEARCH_PATHS = (
					"$(inherited)",
					"$(PROJECT_DIR)/Carthage/Build/iOS",
				);
				INFOPLIST_FILE = Market/Info.plist;
				LD_RUNPATH_SEARCH_PATHS = "$(inherited) @executable_path/Frameworks";
				PRODUCT_BUNDLE_IDENTIFIER = com.cookpad.ios.Market;
				PRODUCT_NAME = "$(TARGET_NAME)";
			};
			name = Debug;
		};
		55424C711D629A6E0045F6AE /* Release */ = {
			isa = XCBuildConfiguration;
			buildSettings = {
				ASSETCATALOG_COMPILER_APPICON_NAME = AppIcon;
				FRAMEWORK_SEARCH_PATHS = (
					"$(inherited)",
					"$(PROJECT_DIR)/Carthage/Build/iOS",
				);
				INFOPLIST_FILE = Market/Info.plist;
				LD_RUNPATH_SEARCH_PATHS = "$(inherited) @executable_path/Frameworks";
				PRODUCT_BUNDLE_IDENTIFIER = com.cookpad.ios.Market;
				PRODUCT_NAME = "$(TARGET_NAME)";
			};
			name = Release;
		};
/* End XCBuildConfiguration section */

/* Begin XCConfigurationList section */
		55424C561D629A6D0045F6AE /* Build configuration list for PBXProject "Market" */ = {
			isa = XCConfigurationList;
			buildConfigurations = (
				55424C6D1D629A6E0045F6AE /* Debug */,
				55424C6E1D629A6E0045F6AE /* Release */,
			);
			defaultConfigurationIsVisible = 0;
			defaultConfigurationName = Release;
		};
		55424C6F1D629A6E0045F6AE /* Build configuration list for PBXNativeTarget "Market" */ = {
			isa = XCConfigurationList;
			buildConfigurations = (
				55424C701D629A6E0045F6AE /* Debug */,
				55424C711D629A6E0045F6AE /* Release */,
			);
			defaultConfigurationIsVisible = 0;
			defaultConfigurationName = Release;
		};
/* End XCConfigurationList section */
	};
	rootObject = 55424C531D629A6D0045F6AE /* Project object */;
}
